
Microsoft Visual Studio Solution File, Format Version 12.00
# Visual Studio 15
VisualStudioVersion = 15.0.27130.2010
MinimumVisualStudioVersion = 10.0.40219.1
Project("{FAE04EC0-301F-11D3-BF4B-00C04F79EFBC}") = "WpfApp1", "WpfApp1\WpfApp1.csproj", "{5BB2B46C-14C0-456C-9078-885B175E74B4}"
EndProject
Global
	GlobalSection(SolutionConfigurationPlatforms) = preSolution
		Debug|Any CPU = Debug|Any CPU
		Release|Any CPU = Release|Any CPU
	EndGlobalSection
	GlobalSection(ProjectConfigurationPlatforms) = postSolution
		{5BB2B46C-14C0-456C-9078-885B175E74B4}.Debug|Any CPU.ActiveCfg = Debug|Any CPU
		{5BB2B46C-14C0-456C-9078-885B175E74B4}.Debug|Any CPU.Build.0 = Debug|Any CPU
		{5BB2B46C-14C0-456C-9078-885B175E74B4}.Release|Any CPU.ActiveCfg = Release|Any CPU
		{5BB2B46C-14C0-456C-9078-885B175E74B4}.Release|Any CPU.Build.0 = Release|Any CPU
	EndGlobalSection
	GlobalSection(SolutionProperties) = preSolution
		HideSolutionNode = FALSE
	EndGlobalSection
	GlobalSection(ExtensibilityGlobals) = postSolution
		SolutionGuid = {B1744FF1-033F-4357-B0DD-286076EAFCB3}
	EndGlobalSection
EndGlobal
